
Microsoft Visual Studio Solution File, Format Version 12.00
# Visual Studio 15
VisualStudioVersion = 15.0.28307.489
MinimumVisualStudioVersion = 10.0.40219.1
Project("{FAE04EC0-301F-11D3-BF4B-00C04F79EFBC}") = "Volume and Surface Area Calculator", "Volume and Surface Area Calculator\Volume and Surface Area Calculator.csproj", "{B279EB8C-730E-4E2A-B6A4-52A22E4D4183}"
EndProject
Global
	GlobalSection(SolutionConfigurationPlatforms) = preSolution
		Debug|Any CPU = Debug|Any CPU
		Release|Any CPU = Release|Any CPU
	EndGlobalSection
	GlobalSection(ProjectConfigurationPlatforms) = postSolution
		{B279EB8C-730E-4E2A-B6A4-52A22E4D4183}.Debug|Any CPU.ActiveCfg = Debug|Any CPU
		{B279EB8C-730E-4E2A-B6A4-52A22E4D4183}.Debug|Any CPU.Build.0 = Debug|Any CPU
		{B279EB8C-730E-4E2A-B6A4-52A22E4D4183}.Release|Any CPU.ActiveCfg = Release|Any CPU
		{B279EB8C-730E-4E2A-B6A4-52A22E4D4183}.Release|Any CPU.Build.0 = Release|Any CPU
	EndGlobalSection
	GlobalSection(SolutionProperties) = preSolution
		HideSolutionNode = FALSE
	EndGlobalSection
	GlobalSection(ExtensibilityGlobals) = postSolution
		SolutionGuid = {EEE47B15-8892-44E8-ACF8-F932E7A4CAD4}
	EndGlobalSection
EndGlobal
